// !$*UTF8*$!
{
	archiveVersion = 1;
	classes = {
	};
	objectVersion = 46;
	objects = {

/* Begin PBXBuildFile section */
		5C6CCB481E56C30400CC1D5D /* Assets.xcassets in Resources */ = {isa = PBXBuildFile; fileRef = 5C6CCB3E1E56C30400CC1D5D /* Assets.xcassets */; };
		5C6CCB491E56C30400CC1D5D /* AppDelegate.swift in Sources */ = {isa = PBXBuildFile; fileRef = 5C6CCB411E56C30400CC1D5D /* AppDelegate.swift */; };
		5C6CCB4A1E56C30400CC1D5D /* LaunchScreen.storyboard in Resources */ = {isa = PBXBuildFile; fileRef = 5C6CCB421E56C30400CC1D5D /* LaunchScreen.storyboard */; };
		5C6CCB4B1E56C30400CC1D5D /* Main.storyboard in Resources */ = {isa = PBXBuildFile; fileRef = 5C6CCB441E56C30400CC1D5D /* Main.storyboard */; };
		5C6CCB4C1E56C30400CC1D5D /* Info.plist in Resources */ = {isa = PBXBuildFile; fileRef = 5C6CCB461E56C30400CC1D5D /* Info.plist */; };
		5C6CCB4D1E56C30400CC1D5D /* ViewController.swift in Sources */ = {isa = PBXBuildFile; fileRef = 5C6CCB471E56C30400CC1D5D /* ViewController.swift */; };
/* End PBXBuildFile section */

/* Begin PBXFileReference section */
		5C6CCB121E56C04700CC1D5D /* iCare.app */ = {isa = PBXFileReference; explicitFileType = wrapper.application; includeInIndex = 0; path = iCare.app; sourceTree = BUILT_PRODUCTS_DIR; };
		5C6CCB3E1E56C30400CC1D5D /* Assets.xcassets */ = {isa = PBXFileReference; lastKnownFileType = folder.assetcatalog; path = Assets.xcassets; sourceTree = "<group>"; };
		5C6CCB411E56C30400CC1D5D /* AppDelegate.swift */ = {isa = PBXFileReference; fileEncoding = 4; lastKnownFileType = sourcecode.swift; path = AppDelegate.swift; sourceTree = "<group>"; };
		5C6CCB431E56C30400CC1D5D /* Base */ = {isa = PBXFileReference; lastKnownFileType = file.storyboard; name = Base; path = Base.lproj/LaunchScreen.storyboard; sourceTree = "<group>"; };
		5C6CCB451E56C30400CC1D5D /* Base */ = {isa = PBXFileReference; lastKnownFileType = file.storyboard; name = Base; path = Base.lproj/Main.storyboard; sourceTree = "<group>"; };
		5C6CCB461E56C30400CC1D5D /* Info.plist */ = {isa = PBXFileReference; fileEncoding = 4; lastKnownFileType = text.plist.xml; path = Info.plist; sourceTree = "<group>"; };
		5C6CCB471E56C30400CC1D5D /* ViewController.swift */ = {isa = PBXFileReference; fileEncoding = 4; lastKnownFileType = sourcecode.swift; path = ViewController.swift; sourceTree = "<group>"; };
/* End PBXFileReference section */

/* Begin PBXFrameworksBuildPhase section */
		5C6CCB0F1E56C04700CC1D5D /* Frameworks */ = {
			isa = PBXFrameworksBuildPhase;
			buildActionMask = 2147483647;
			files = (
			);
			runOnlyForDeploymentPostprocessing = 0;
		};
/* End PBXFrameworksBuildPhase section */

/* Begin PBXGroup section */
		5C6CCB091E56C04700CC1D5D = {
			isa = PBXGroup;
			children = (
				5C6CCB141E56C04700CC1D5D /* iCare */,
				5C6CCB131E56C04700CC1D5D /* Products */,
			);
			sourceTree = "<group>";
		};
		5C6CCB131E56C04700CC1D5D /* Products */ = {
			isa = PBXGroup;
			children = (
				5C6CCB121E56C04700CC1D5D /* iCare.app */,
			);
			name = Products;
			sourceTree = "<group>";
		};
		5C6CCB141E56C04700CC1D5D /* iCare */ = {
			isa = PBXGroup;
			children = (
				5C6CCB271E56C30400CC1D5D /* Help */,
				5C6CCB2D1E56C30400CC1D5D /* Modules */,
				5C6CCB3D1E56C30400CC1D5D /* Resources */,
				5C6CCB3F1E56C30400CC1D5D /* Storybords */,
				5C6CCB401E56C30400CC1D5D /* Supporting Files */,
			);
			path = iCare;
			sourceTree = "<group>";
		};
		5C6CCB271E56C30400CC1D5D /* Help */ = {
			isa = PBXGroup;
			children = (
				5C6CCB281E56C30400CC1D5D /* Constants */,
				5C6CCB291E56C30400CC1D5D /* Extensions */,
				5C6CCB2A1E56C30400CC1D5D /* Networking */,
				5C6CCB2B1E56C30400CC1D5D /* Protocols */,
				5C6CCB2C1E56C30400CC1D5D /* Utils */,
			);
			path = Help;
			sourceTree = "<group>";
		};
		5C6CCB281E56C30400CC1D5D /* Constants */ = {
			isa = PBXGroup;
			children = (
			);
			path = Constants;
			sourceTree = "<group>";
		};
		5C6CCB291E56C30400CC1D5D /* Extensions */ = {
			isa = PBXGroup;
			children = (
			);
			path = Extensions;
			sourceTree = "<group>";
		};
		5C6CCB2A1E56C30400CC1D5D /* Networking */ = {
			isa = PBXGroup;
			children = (
			);
			path = Networking;
			sourceTree = "<group>";
		};
		5C6CCB2B1E56C30400CC1D5D /* Protocols */ = {
			isa = PBXGroup;
			children = (
			);
			path = Protocols;
			sourceTree = "<group>";
		};
		5C6CCB2C1E56C30400CC1D5D /* Utils */ = {
			isa = PBXGroup;
			children = (
			);
			path = Utils;
			sourceTree = "<group>";
		};
		5C6CCB2D1E56C30400CC1D5D /* Modules */ = {
			isa = PBXGroup;
			children = (
				5C6CCB2E1E56C30400CC1D5D /* Chat */,
				5C6CCB331E56C30400CC1D5D /* Host */,
				5C6CCB381E56C30400CC1D5D /* News */,
			);
			path = Modules;
			sourceTree = "<group>";
		};
		5C6CCB2E1E56C30400CC1D5D /* Chat */ = {
			isa = PBXGroup;
			children = (
				5C6CCB2F1E56C30400CC1D5D /* Controllers */,
				5C6CCB301E56C30400CC1D5D /* Helper */,
				5C6CCB311E56C30400CC1D5D /* Modules */,
				5C6CCB321E56C30400CC1D5D /* Views */,
			);
			path = Chat;
			sourceTree = "<group>";
		};
		5C6CCB2F1E56C30400CC1D5D /* Controllers */ = {
			isa = PBXGroup;
			children = (
			);
			path = Controllers;
			sourceTree = "<group>";
		};
		5C6CCB301E56C30400CC1D5D /* Helper */ = {
			isa = PBXGroup;
			children = (
			);
			path = Helper;
			sourceTree = "<group>";
		};
		5C6CCB311E56C30400CC1D5D /* Modules */ = {
			isa = PBXGroup;
			children = (
			);
			path = Modules;
			sourceTree = "<group>";
		};
		5C6CCB321E56C30400CC1D5D /* Views */ = {
			isa = PBXGroup;
			children = (
			);
			path = Views;
			sourceTree = "<group>";
		};
		5C6CCB331E56C30400CC1D5D /* Host */ = {
			isa = PBXGroup;
			children = (
				5C6CCB341E56C30400CC1D5D /* Controllers */,
				5C6CCB351E56C30400CC1D5D /* Helper */,
				5C6CCB361E56C30400CC1D5D /* Modules */,
				5C6CCB371E56C30400CC1D5D /* Views */,
			);
			path = Host;
			sourceTree = "<group>";
		};
		5C6CCB341E56C30400CC1D5D /* Controllers */ = {
			isa = PBXGroup;
			children = (
			);
			path = Controllers;
			sourceTree = "<group>";
		};
		5C6CCB351E56C30400CC1D5D /* Helper */ = {
			isa = PBXGroup;
			children = (
			);
			path = Helper;
			sourceTree = "<group>";
		};
		5C6CCB361E56C30400CC1D5D /* Modules */ = {
			isa = PBXGroup;
			children = (
			);
			path = Modules;
			sourceTree = "<group>";
		};
		5C6CCB371E56C30400CC1D5D /* Views */ = {
			isa = PBXGroup;
			children = (
			);
			path = Views;
			sourceTree = "<group>";
		};
		5C6CCB381E56C30400CC1D5D /* News */ = {
			isa = PBXGroup;
			children = (
				5C6CCB391E56C30400CC1D5D /* Controllers */,
				5C6CCB3A1E56C30400CC1D5D /* Helper */,
				5C6CCB3B1E56C30400CC1D5D /* Modules */,
				5C6CCB3C1E56C30400CC1D5D /* Views */,
			);
			path = News;
			sourceTree = "<group>";
		};
		5C6CCB391E56C30400CC1D5D /* Controllers */ = {
			isa = PBXGroup;
			children = (
			);
			path = Controllers;
			sourceTree = "<group>";
		};
		5C6CCB3A1E56C30400CC1D5D /* Helper */ = {
			isa = PBXGroup;
			children = (
			);
			path = Helper;
			sourceTree = "<group>";
		};
		5C6CCB3B1E56C30400CC1D5D /* Modules */ = {
			isa = PBXGroup;
			children = (
			);
			path = Modules;
			sourceTree = "<group>";
		};
		5C6CCB3C1E56C30400CC1D5D /* Views */ = {
			isa = PBXGroup;
			children = (
			);
			path = Views;
			sourceTree = "<group>";
		};
		5C6CCB3D1E56C30400CC1D5D /* Resources */ = {
			isa = PBXGroup;
			children = (
				5C6CCB3E1E56C30400CC1D5D /* Assets.xcassets */,
			);
			path = Resources;
			sourceTree = "<group>";
		};
		5C6CCB3F1E56C30400CC1D5D /* Storybords */ = {
			isa = PBXGroup;
			children = (
			);
			path = Storybords;
			sourceTree = "<group>";
		};
		5C6CCB401E56C30400CC1D5D /* Supporting Files */ = {
			isa = PBXGroup;
			children = (
				5C6CCB411E56C30400CC1D5D /* AppDelegate.swift */,
				5C6CCB421E56C30400CC1D5D /* LaunchScreen.storyboard */,
				5C6CCB441E56C30400CC1D5D /* Main.storyboard */,
				5C6CCB461E56C30400CC1D5D /* Info.plist */,
				5C6CCB471E56C30400CC1D5D /* ViewController.swift */,
			);
			path = "Supporting Files";
			sourceTree = "<group>";
		};
/* End PBXGroup section */

/* Begin PBXNativeTarget section */
		5C6CCB111E56C04700CC1D5D /* iCare */ = {
			isa = PBXNativeTarget;
			buildConfigurationList = 5C6CCB241E56C04700CC1D5D /* Build configuration list for PBXNativeTarget "iCare" */;
			buildPhases = (
				5C6CCB0E1E56C04700CC1D5D /* Sources */,
				5C6CCB0F1E56C04700CC1D5D /* Frameworks */,
				5C6CCB101E56C04700CC1D5D /* Resources */,
			);
			buildRules = (
			);
			dependencies = (
			);
			name = iCare;
			productName = iCare;
			productReference = 5C6CCB121E56C04700CC1D5D /* iCare.app */;
			productType = "com.apple.product-type.application";
		};
/* End PBXNativeTarget section */

/* Begin PBXProject section */
		5C6CCB0A1E56C04700CC1D5D /* Project object */ = {
			isa = PBXProject;
			attributes = {
				LastSwiftUpdateCheck = 0820;
				LastUpgradeCheck = 0820;
				ORGANIZATIONNAME = Rowin;
				TargetAttributes = {
					5C6CCB111E56C04700CC1D5D = {
						CreatedOnToolsVersion = 8.2.1;
						ProvisioningStyle = Automatic;
					};
				};
			};
			buildConfigurationList = 5C6CCB0D1E56C04700CC1D5D /* Build configuration list for PBXProject "iCare" */;
			compatibilityVersion = "Xcode 3.2";
			developmentRegion = English;
			hasScannedForEncodings = 0;
			knownRegions = (
				en,
				Base,
			);
			mainGroup = 5C6CCB091E56C04700CC1D5D;
			productRefGroup = 5C6CCB131E56C04700CC1D5D /* Products */;
			projectDirPath = "";
			projectRoot = "";
			targets = (
				5C6CCB111E56C04700CC1D5D /* iCare */,
			);
		};
/* End PBXProject section */

/* Begin PBXResourcesBuildPhase section */
		5C6CCB101E56C04700CC1D5D /* Resources */ = {
			isa = PBXResourcesBuildPhase;
			buildActionMask = 2147483647;
			files = (
				5C6CCB4C1E56C30400CC1D5D /* Info.plist in Resources */,
				5C6CCB4B1E56C30400CC1D5D /* Main.storyboard in Resources */,
				5C6CCB481E56C30400CC1D5D /* Assets.xcassets in Resources */,
				5C6CCB4A1E56C30400CC1D5D /* LaunchScreen.storyboard in Resources */,
			);
			runOnlyForDeploymentPostprocessing = 0;
		};
/* End PBXResourcesBuildPhase section */

/* Begin PBXSourcesBuildPhase section */
		5C6CCB0E1E56C04700CC1D5D /* Sources */ = {
			isa = PBXSourcesBuildPhase;
			buildActionMask = 2147483647;
			files = (
				5C6CCB4D1E56C30400CC1D5D /* ViewController.swift in Sources */,
				5C6CCB491E56C30400CC1D5D /* AppDelegate.swift in Sources */,
			);
			runOnlyForDeploymentPostprocessing = 0;
		};
/* End PBXSourcesBuildPhase section */

/* Begin PBXVariantGroup section */
		5C6CCB421E56C30400CC1D5D /* LaunchScreen.storyboard */ = {
			isa = PBXVariantGroup;
			children = (
				5C6CCB431E56C30400CC1D5D /* Base */,
			);
			name = LaunchScreen.storyboard;
			sourceTree = "<group>";
		};
		5C6CCB441E56C30400CC1D5D /* Main.storyboard */ = {
			isa = PBXVariantGroup;
			children = (
				5C6CCB451E56C30400CC1D5D /* Base */,
			);
			name = Main.storyboard;
			sourceTree = "<group>";
		};
/* End PBXVariantGroup section */

/* Begin XCBuildConfiguration section */
		5C6CCB221E56C04700CC1D5D /* Debug */ = {
			isa = XCBuildConfiguration;
			buildSettings = {
				ALWAYS_SEARCH_USER_PATHS = NO;
				CLANG_ANALYZER_NONNULL = YES;
				CLANG_CXX_LANGUAGE_STANDARD = "gnu++0x";
				CLANG_CXX_LIBRARY = "libc++";
				CLANG_ENABLE_MODULES = YES;
				CLANG_ENABLE_OBJC_ARC = YES;
				CLANG_WARN_BOOL_CONVERSION = YES;
				CLANG_WARN_CONSTANT_CONVERSION = YES;
				CLANG_WARN_DIRECT_OBJC_ISA_USAGE = YES_ERROR;
				CLANG_WARN_DOCUMENTATION_COMMENTS = YES;
				CLANG_WARN_EMPTY_BODY = YES;
				CLANG_WARN_ENUM_CONVERSION = YES;
				CLANG_WARN_INFINITE_RECURSION = YES;
				CLANG_WARN_INT_CONVERSION = YES;
				CLANG_WARN_OBJC_ROOT_CLASS = YES_ERROR;
				CLANG_WARN_SUSPICIOUS_MOVE = YES;
				CLANG_WARN_UNREACHABLE_CODE = YES;
				CLANG_WARN__DUPLICATE_METHOD_MATCH = YES;
				"CODE_SIGN_IDENTITY[sdk=iphoneos*]" = "iPhone Developer";
				COPY_PHASE_STRIP = NO;
				DEBUG_INFORMATION_FORMAT = dwarf;
				ENABLE_STRICT_OBJC_MSGSEND = YES;
				ENABLE_TESTABILITY = YES;
				GCC_C_LANGUAGE_STANDARD = gnu99;
				GCC_DYNAMIC_NO_PIC = NO;
				GCC_NO_COMMON_BLOCKS = YES;
				GCC_OPTIMIZATION_LEVEL = 0;
				GCC_PREPROCESSOR_DEFINITIONS = (
					"DEBUG=1",
					"$(inherited)",
				);
				GCC_WARN_64_TO_32_BIT_CONVERSION = YES;
				GCC_WARN_ABOUT_RETURN_TYPE = YES_ERROR;
				GCC_WARN_UNDECLARED_SELECTOR = YES;
				GCC_WARN_UNINITIALIZED_AUTOS = YES_AGGRESSIVE;
				GCC_WARN_UNUSED_FUNCTION = YES;
				GCC_WARN_UNUSED_VARIABLE = YES;
				IPHONEOS_DEPLOYMENT_TARGET = 10.2;
				MTL_ENABLE_DEBUG_INFO = YES;
				ONLY_ACTIVE_ARCH = YES;
				SDKROOT = iphoneos;
				SWIFT_ACTIVE_COMPILATION_CONDITIONS = DEBUG;
				SWIFT_OPTIMIZATION_LEVEL = "-Onone";
			};
			name = Debug;
		};
		5C6CCB231E56C04700CC1D5D /* Release */ = {
			isa = XCBuildConfiguration;
			buildSettings = {
				ALWAYS_SEARCH_USER_PATHS = NO;
				CLANG_ANALYZER_NONNULL = YES;
				CLANG_CXX_LANGUAGE_STANDARD = "gnu++0x";
				CLANG_CXX_LIBRARY = "libc++";
				CLANG_ENABLE_MODULES = YES;
				CLANG_ENABLE_OBJC_ARC = YES;
				CLANG_WARN_BOOL_CONVERSION = YES;
				CLANG_WARN_CONSTANT_CONVERSION = YES;
				CLANG_WARN_DIRECT_OBJC_ISA_USAGE = YES_ERROR;
				CLANG_WARN_DOCUMENTATION_COMMENTS = YES;
				CLANG_WARN_EMPTY_BODY = YES;
				CLANG_WARN_ENUM_CONVERSION = YES;
				CLANG_WARN_INFINITE_RECURSION = YES;
				CLANG_WARN_INT_CONVERSION = YES;
				CLANG_WARN_OBJC_ROOT_CLASS = YES_ERROR;
				CLANG_WARN_SUSPICIOUS_MOVE = YES;
				CLANG_WARN_UNREACHABLE_CODE = YES;
				CLANG_WARN__DUPLICATE_METHOD_MATCH = YES;
				"CODE_SIGN_IDENTITY[sdk=iphoneos*]" = "iPhone Developer";
				COPY_PHASE_STRIP = NO;
				DEBUG_INFORMATION_FORMAT = "dwarf-with-dsym";
				ENABLE_NS_ASSERTIONS = NO;
				ENABLE_STRICT_OBJC_MSGSEND = YES;
				GCC_C_LANGUAGE_STANDARD = gnu99;
				GCC_NO_COMMON_BLOCKS = YES;
				GCC_WARN_64_TO_32_BIT_CONVERSION = YES;
				GCC_WARN_ABOUT_RETURN_TYPE = YES_ERROR;
				GCC_WARN_UNDECLARED_SELECTOR = YES;
				GCC_WARN_UNINITIALIZED_AUTOS = YES_AGGRESSIVE;
				GCC_WARN_UNUSED_FUNCTION = YES;
				GCC_WARN_UNUSED_VARIABLE = YES;
				IPHONEOS_DEPLOYMENT_TARGET = 10.2;
				MTL_ENABLE_DEBUG_INFO = NO;
				SDKROOT = iphoneos;
				SWIFT_OPTIMIZATION_LEVEL = "-Owholemodule";
				VALIDATE_PRODUCT = YES;
			};
			name = Release;
		};
		5C6CCB251E56C04700CC1D5D /* Debug */ = {
			isa = XCBuildConfiguration;
			buildSettings = {
				ASSETCATALOG_COMPILER_APPICON_NAME = AppIcon;
				INFOPLIST_FILE = "iCare/Supporting Files/Info.plist";
				LD_RUNPATH_SEARCH_PATHS = "$(inherited) @executable_path/Frameworks";
				PRODUCT_BUNDLE_IDENTIFIER = com.bigbsoft.iCare;
				PRODUCT_NAME = "$(TARGET_NAME)";
				SWIFT_VERSION = 3.0;
			};
			name = Debug;
		};
		5C6CCB261E56C04700CC1D5D /* Release */ = {
			isa = XCBuildConfiguration;
			buildSettings = {
				ASSETCATALOG_COMPILER_APPICON_NAME = AppIcon;
				INFOPLIST_FILE = "iCare/Supporting Files/Info.plist";
				LD_RUNPATH_SEARCH_PATHS = "$(inherited) @executable_path/Frameworks";
				PRODUCT_BUNDLE_IDENTIFIER = com.bigbsoft.iCare;
				PRODUCT_NAME = "$(TARGET_NAME)";
				SWIFT_VERSION = 3.0;
			};
			name = Release;
		};
/* End XCBuildConfiguration section */

/* Begin XCConfigurationList section */
		5C6CCB0D1E56C04700CC1D5D /* Build configuration list for PBXProject "iCare" */ = {
			isa = XCConfigurationList;
			buildConfigurations = (
				5C6CCB221E56C04700CC1D5D /* Debug */,
				5C6CCB231E56C04700CC1D5D /* Release */,
			);
			defaultConfigurationIsVisible = 0;
			defaultConfigurationName = Release;
		};
		5C6CCB241E56C04700CC1D5D /* Build configuration list for PBXNativeTarget "iCare" */ = {
			isa = XCConfigurationList;
			buildConfigurations = (
				5C6CCB251E56C04700CC1D5D /* Debug */,
				5C6CCB261E56C04700CC1D5D /* Release */,
			);
			defaultConfigurationIsVisible = 0;
		};
/* End XCConfigurationList section */
	};
	rootObject = 5C6CCB0A1E56C04700CC1D5D /* Project object */;
}
